
Microsoft Visual Studio Solution File, Format Version 12.00
# Visual Studio Version 17
VisualStudioVersion = 17.3.32901.215
MinimumVisualStudioVersion = 10.0.40219.1
Project("{FAE04EC0-301F-11D3-BF4B-00C04F79EFBC}") = "NumericDataTypes", "NumericDataTypes\NumericDataTypes.csproj", "{7F1E0586-CCAD-4864-A342-463EB1F23EDE}"
EndProject
Global
	GlobalSection(SolutionConfigurationPlatforms) = preSolution
		Debug|Any CPU = Debug|Any CPU
		Release|Any CPU = Release|Any CPU
	EndGlobalSection
	GlobalSection(ProjectConfigurationPlatforms) = postSolution
		{7F1E0586-CCAD-4864-A342-463EB1F23EDE}.Debug|Any CPU.ActiveCfg = Debug|Any CPU
		{7F1E0586-CCAD-4864-A342-463EB1F23EDE}.Debug|Any CPU.Build.0 = Debug|Any CPU
		{7F1E0586-CCAD-4864-A342-463EB1F23EDE}.Release|Any CPU.ActiveCfg = Release|Any CPU
		{7F1E0586-CCAD-4864-A342-463EB1F23EDE}.Release|Any CPU.Build.0 = Release|Any CPU
	EndGlobalSection
	GlobalSection(SolutionProperties) = preSolution
		HideSolutionNode = FALSE
	EndGlobalSection
	GlobalSection(ExtensibilityGlobals) = postSolution
		SolutionGuid = {104BDE13-E22D-44E5-8078-8BF4F8BA6722}
	EndGlobalSection
EndGlobal
